// !$*UTF8*$!
{
	archiveVersion = 1;
	classes = {
	};
	objectVersion = 48;
	objects = {

/* Begin PBXBuildFile section */
		29B24516E7A0C67B5406C1DD /* Pods_MemoAppTests.framework in Frameworks */ = {isa = PBXBuildFile; fileRef = 13DFFC47B9C8B8F76F53682E /* Pods_MemoAppTests.framework */; };
		87F617CF2F28C425788A73AB /* Pods_MemoAppUITests.framework in Frameworks */ = {isa = PBXBuildFile; fileRef = 2F16804C446EAE5544548B2E /* Pods_MemoAppUITests.framework */; };
		E9B71B9CB3BBBF35BD524760 /* Pods_MemoApp.framework in Frameworks */ = {isa = PBXBuildFile; fileRef = 915C62A9F94694EA095B91D1 /* Pods_MemoApp.framework */; };
		FF2CE37520DA980F00208883 /* AppDelegate.swift in Sources */ = {isa = PBXBuildFile; fileRef = FF2CE37420DA980F00208883 /* AppDelegate.swift */; };
		FF2CE37720DA980F00208883 /* ViewController.swift in Sources */ = {isa = PBXBuildFile; fileRef = FF2CE37620DA980F00208883 /* ViewController.swift */; };
		FF2CE37A20DA980F00208883 /* Main.storyboard in Resources */ = {isa = PBXBuildFile; fileRef = FF2CE37820DA980F00208883 /* Main.storyboard */; };
		FF2CE37D20DA980F00208883 /* MemoApp.xcdatamodeld in Sources */ = {isa = PBXBuildFile; fileRef = FF2CE37B20DA980F00208883 /* MemoApp.xcdatamodeld */; };
		FF2CE37F20DA980F00208883 /* Assets.xcassets in Resources */ = {isa = PBXBuildFile; fileRef = FF2CE37E20DA980F00208883 /* Assets.xcassets */; };
		FF2CE38220DA980F00208883 /* LaunchScreen.storyboard in Resources */ = {isa = PBXBuildFile; fileRef = FF2CE38020DA980F00208883 /* LaunchScreen.storyboard */; };
		FF2CE38D20DA980F00208883 /* MemoAppTests.swift in Sources */ = {isa = PBXBuildFile; fileRef = FF2CE38C20DA980F00208883 /* MemoAppTests.swift */; };
		FF2CE39820DA980F00208883 /* MemoAppUITests.swift in Sources */ = {isa = PBXBuildFile; fileRef = FF2CE39720DA980F00208883 /* MemoAppUITests.swift */; };
		FF7DBF8A20E8B51B00DE3018 /* GetMatchStrings.swift in Sources */ = {isa = PBXBuildFile; fileRef = FF7DBF8920E8B51B00DE3018 /* GetMatchStrings.swift */; };
		FF7DBF8E20F64DC000DE3018 /* TabViewController.swift in Sources */ = {isa = PBXBuildFile; fileRef = FF7DBF8D20F64DC000DE3018 /* TabViewController.swift */; };
		FF7F75D520DE215A00A4F80D /* ViewController2.swift in Sources */ = {isa = PBXBuildFile; fileRef = FF7F75D420DE215A00A4F80D /* ViewController2.swift */; };
		FF96E07C20DE3D9000EC1C33 /* ViewController3.swift in Sources */ = {isa = PBXBuildFile; fileRef = FF96E07B20DE3D9000EC1C33 /* ViewController3.swift */; };
/* End PBXBuildFile section */

/* Begin PBXContainerItemProxy section */
		FF2CE38920DA980F00208883 /* PBXContainerItemProxy */ = {
			isa = PBXContainerItemProxy;
			containerPortal = FF2CE36920DA980F00208883 /* Project object */;
			proxyType = 1;
			remoteGlobalIDString = FF2CE37020DA980F00208883;
			remoteInfo = MemoApp;
		};
		FF2CE39420DA980F00208883 /* PBXContainerItemProxy */ = {
			isa = PBXContainerItemProxy;
			containerPortal = FF2CE36920DA980F00208883 /* Project object */;
			proxyType = 1;
			remoteGlobalIDString = FF2CE37020DA980F00208883;
			remoteInfo = MemoApp;
		};
/* End PBXContainerItemProxy section */

/* Begin PBXFileReference section */
		039BA1DDA3A2251542FD0212 /* Pods-MemoApp.release.xcconfig */ = {isa = PBXFileReference; includeInIndex = 1; lastKnownFileType = text.xcconfig; name = "Pods-MemoApp.release.xcconfig"; path = "Pods/Target Support Files/Pods-MemoApp/Pods-MemoApp.release.xcconfig"; sourceTree = "<group>"; };
		0510251D2CD5D5FA1D55FAD8 /* Pods-MemoAppUITests.debug.xcconfig */ = {isa = PBXFileReference; includeInIndex = 1; lastKnownFileType = text.xcconfig; name = "Pods-MemoAppUITests.debug.xcconfig"; path = "Pods/Target Support Files/Pods-MemoAppUITests/Pods-MemoAppUITests.debug.xcconfig"; sourceTree = "<group>"; };
		13DFFC47B9C8B8F76F53682E /* Pods_MemoAppTests.framework */ = {isa = PBXFileReference; explicitFileType = wrapper.framework; includeInIndex = 0; path = Pods_MemoAppTests.framework; sourceTree = BUILT_PRODUCTS_DIR; };
		2F16804C446EAE5544548B2E /* Pods_MemoAppUITests.framework */ = {isa = PBXFileReference; explicitFileType = wrapper.framework; includeInIndex = 0; path = Pods_MemoAppUITests.framework; sourceTree = BUILT_PRODUCTS_DIR; };
		63314F06BD5898E6D1A4EA39 /* Pods-MemoAppTests.release.xcconfig */ = {isa = PBXFileReference; includeInIndex = 1; lastKnownFileType = text.xcconfig; name = "Pods-MemoAppTests.release.xcconfig"; path = "Pods/Target Support Files/Pods-MemoAppTests/Pods-MemoAppTests.release.xcconfig"; sourceTree = "<group>"; };
		8695804E156468EDF54215A4 /* Pods-MemoAppTests.debug.xcconfig */ = {isa = PBXFileReference; includeInIndex = 1; lastKnownFileType = text.xcconfig; name = "Pods-MemoAppTests.debug.xcconfig"; path = "Pods/Target Support Files/Pods-MemoAppTests/Pods-MemoAppTests.debug.xcconfig"; sourceTree = "<group>"; };
		915C62A9F94694EA095B91D1 /* Pods_MemoApp.framework */ = {isa = PBXFileReference; explicitFileType = wrapper.framework; includeInIndex = 0; path = Pods_MemoApp.framework; sourceTree = BUILT_PRODUCTS_DIR; };
		A6671E02A295B5AA97BDA363 /* Pods-MemoApp.debug.xcconfig */ = {isa = PBXFileReference; includeInIndex = 1; lastKnownFileType = text.xcconfig; name = "Pods-MemoApp.debug.xcconfig"; path = "Pods/Target Support Files/Pods-MemoApp/Pods-MemoApp.debug.xcconfig"; sourceTree = "<group>"; };
		B480E809D116C020B01D1388 /* Pods-MemoAppUITests.release.xcconfig */ = {isa = PBXFileReference; includeInIndex = 1; lastKnownFileType = text.xcconfig; name = "Pods-MemoAppUITests.release.xcconfig"; path = "Pods/Target Support Files/Pods-MemoAppUITests/Pods-MemoAppUITests.release.xcconfig"; sourceTree = "<group>"; };
		FF2CE37120DA980F00208883 /* MemoApp.app */ = {isa = PBXFileReference; explicitFileType = wrapper.application; includeInIndex = 0; path = MemoApp.app; sourceTree = BUILT_PRODUCTS_DIR; };
		FF2CE37420DA980F00208883 /* AppDelegate.swift */ = {isa = PBXFileReference; lastKnownFileType = sourcecode.swift; path = AppDelegate.swift; sourceTree = "<group>"; };
		FF2CE37620DA980F00208883 /* ViewController.swift */ = {isa = PBXFileReference; lastKnownFileType = sourcecode.swift; path = ViewController.swift; sourceTree = "<group>"; };
		FF2CE37920DA980F00208883 /* Base */ = {isa = PBXFileReference; lastKnownFileType = file.storyboard; name = Base; path = Base.lproj/Main.storyboard; sourceTree = "<group>"; };
		FF2CE37C20DA980F00208883 /* MemoApp.xcdatamodel */ = {isa = PBXFileReference; lastKnownFileType = wrapper.xcdatamodel; path = MemoApp.xcdatamodel; sourceTree = "<group>"; };
		FF2CE37E20DA980F00208883 /* Assets.xcassets */ = {isa = PBXFileReference; lastKnownFileType = folder.assetcatalog; path = Assets.xcassets; sourceTree = "<group>"; };
		FF2CE38120DA980F00208883 /* Base */ = {isa = PBXFileReference; lastKnownFileType = file.storyboard; name = Base; path = Base.lproj/LaunchScreen.storyboard; sourceTree = "<group>"; };
		FF2CE38320DA980F00208883 /* Info.plist */ = {isa = PBXFileReference; lastKnownFileType = text.plist.xml; path = Info.plist; sourceTree = "<group>"; };
		FF2CE38820DA980F00208883 /* MemoAppTests.xctest */ = {isa = PBXFileReference; explicitFileType = wrapper.cfbundle; includeInIndex = 0; path = MemoAppTests.xctest; sourceTree = BUILT_PRODUCTS_DIR; };
		FF2CE38C20DA980F00208883 /* MemoAppTests.swift */ = {isa = PBXFileReference; lastKnownFileType = sourcecode.swift; path = MemoAppTests.swift; sourceTree = "<group>"; };
		FF2CE38E20DA980F00208883 /* Info.plist */ = {isa = PBXFileReference; lastKnownFileType = text.plist.xml; path = Info.plist; sourceTree = "<group>"; };
		FF2CE39320DA980F00208883 /* MemoAppUITests.xctest */ = {isa = PBXFileReference; explicitFileType = wrapper.cfbundle; includeInIndex = 0; path = MemoAppUITests.xctest; sourceTree = BUILT_PRODUCTS_DIR; };
		FF2CE39720DA980F00208883 /* MemoAppUITests.swift */ = {isa = PBXFileReference; lastKnownFileType = sourcecode.swift; path = MemoAppUITests.swift; sourceTree = "<group>"; };
		FF2CE39920DA980F00208883 /* Info.plist */ = {isa = PBXFileReference; lastKnownFileType = text.plist.xml; path = Info.plist; sourceTree = "<group>"; };
		FF7DBF8920E8B51B00DE3018 /* GetMatchStrings.swift */ = {isa = PBXFileReference; lastKnownFileType = sourcecode.swift; path = GetMatchStrings.swift; sourceTree = "<group>"; };
		FF7DBF8D20F64DC000DE3018 /* TabViewController.swift */ = {isa = PBXFileReference; lastKnownFileType = sourcecode.swift; path = TabViewController.swift; sourceTree = "<group>"; };
		FF7F75D420DE215A00A4F80D /* ViewController2.swift */ = {isa = PBXFileReference; lastKnownFileType = sourcecode.swift; path = ViewController2.swift; sourceTree = "<group>"; };
		FF96E07B20DE3D9000EC1C33 /* ViewController3.swift */ = {isa = PBXFileReference; lastKnownFileType = sourcecode.swift; path = ViewController3.swift; sourceTree = "<group>"; };
/* End PBXFileReference section */

/* Begin PBXFrameworksBuildPhase section */
		FF2CE36E20DA980F00208883 /* Frameworks */ = {
			isa = PBXFrameworksBuildPhase;
			buildActionMask = 2147483647;
			files = (
				E9B71B9CB3BBBF35BD524760 /* Pods_MemoApp.framework in Frameworks */,
			);
			runOnlyForDeploymentPostprocessing = 0;
		};
		FF2CE38520DA980F00208883 /* Frameworks */ = {
			isa = PBXFrameworksBuildPhase;
			buildActionMask = 2147483647;
			files = (
				29B24516E7A0C67B5406C1DD /* Pods_MemoAppTests.framework in Frameworks */,
			);
			runOnlyForDeploymentPostprocessing = 0;
		};
		FF2CE39020DA980F00208883 /* Frameworks */ = {
			isa = PBXFrameworksBuildPhase;
			buildActionMask = 2147483647;
			files = (
				87F617CF2F28C425788A73AB /* Pods_MemoAppUITests.framework in Frameworks */,
			);
			runOnlyForDeploymentPostprocessing = 0;
		};
/* End PBXFrameworksBuildPhase section */

/* Begin PBXGroup section */
		0F76E6B0EFF3FF8DE8A0BC95 /* Frameworks */ = {
			isa = PBXGroup;
			children = (
				915C62A9F94694EA095B91D1 /* Pods_MemoApp.framework */,
				13DFFC47B9C8B8F76F53682E /* Pods_MemoAppTests.framework */,
				2F16804C446EAE5544548B2E /* Pods_MemoAppUITests.framework */,
			);
			name = Frameworks;
			sourceTree = "<group>";
		};
		D4E0EF667F9FC792B331CA80 /* Pods */ = {
			isa = PBXGroup;
			children = (
				A6671E02A295B5AA97BDA363 /* Pods-MemoApp.debug.xcconfig */,
				039BA1DDA3A2251542FD0212 /* Pods-MemoApp.release.xcconfig */,
				8695804E156468EDF54215A4 /* Pods-MemoAppTests.debug.xcconfig */,
				63314F06BD5898E6D1A4EA39 /* Pods-MemoAppTests.release.xcconfig */,
				0510251D2CD5D5FA1D55FAD8 /* Pods-MemoAppUITests.debug.xcconfig */,
				B480E809D116C020B01D1388 /* Pods-MemoAppUITests.release.xcconfig */,
			);
			name = Pods;
			sourceTree = "<group>";
		};
		FF2CE36820DA980F00208883 = {
			isa = PBXGroup;
			children = (
				FF2CE37320DA980F00208883 /* MemoApp */,
				FF2CE38B20DA980F00208883 /* MemoAppTests */,
				FF2CE39620DA980F00208883 /* MemoAppUITests */,
				FF2CE37220DA980F00208883 /* Products */,
				D4E0EF667F9FC792B331CA80 /* Pods */,
				0F76E6B0EFF3FF8DE8A0BC95 /* Frameworks */,
			);
			sourceTree = "<group>";
		};
		FF2CE37220DA980F00208883 /* Products */ = {
			isa = PBXGroup;
			children = (
				FF2CE37120DA980F00208883 /* MemoApp.app */,
				FF2CE38820DA980F00208883 /* MemoAppTests.xctest */,
				FF2CE39320DA980F00208883 /* MemoAppUITests.xctest */,
			);
			name = Products;
			sourceTree = "<group>";
		};
		FF2CE37320DA980F00208883 /* MemoApp */ = {
			isa = PBXGroup;
			children = (
				FF2CE37420DA980F00208883 /* AppDelegate.swift */,
				FF2CE37620DA980F00208883 /* ViewController.swift */,
				FF7DBF8920E8B51B00DE3018 /* GetMatchStrings.swift */,
				FF7F75D420DE215A00A4F80D /* ViewController2.swift */,
				FF96E07B20DE3D9000EC1C33 /* ViewController3.swift */,
				FF2CE37820DA980F00208883 /* Main.storyboard */,
				FF7DBF8D20F64DC000DE3018 /* TabViewController.swift */,
				FF2CE37E20DA980F00208883 /* Assets.xcassets */,
				FF2CE38020DA980F00208883 /* LaunchScreen.storyboard */,
				FF2CE38320DA980F00208883 /* Info.plist */,
				FF2CE37B20DA980F00208883 /* MemoApp.xcdatamodeld */,
			);
			path = MemoApp;
			sourceTree = "<group>";
		};
		FF2CE38B20DA980F00208883 /* MemoAppTests */ = {
			isa = PBXGroup;
			children = (
				FF2CE38C20DA980F00208883 /* MemoAppTests.swift */,
				FF2CE38E20DA980F00208883 /* Info.plist */,
			);
			path = MemoAppTests;
			sourceTree = "<group>";
		};
		FF2CE39620DA980F00208883 /* MemoAppUITests */ = {
			isa = PBXGroup;
			children = (
				FF2CE39720DA980F00208883 /* MemoAppUITests.swift */,
				FF2CE39920DA980F00208883 /* Info.plist */,
			);
			path = MemoAppUITests;
			sourceTree = "<group>";
		};
/* End PBXGroup section */

/* Begin PBXNativeTarget section */
		FF2CE37020DA980F00208883 /* MemoApp */ = {
			isa = PBXNativeTarget;
			buildConfigurationList = FF2CE39C20DA980F00208883 /* Build configuration list for PBXNativeTarget "MemoApp" */;
			buildPhases = (
				709EE8521D6EA2B59A76D798 /* [CP] Check Pods Manifest.lock */,
				FF2CE36D20DA980F00208883 /* Sources */,
				FF2CE36E20DA980F00208883 /* Frameworks */,
				FF2CE36F20DA980F00208883 /* Resources */,
				E5D8ED233E39C05AB65E01BA /* [CP] Embed Pods Frameworks */,
				C498D97BED0C1357AE8E7303 /* [CP] Copy Pods Resources */,
			);
			buildRules = (
			);
			dependencies = (
			);
			name = MemoApp;
			productName = MemoApp;
			productReference = FF2CE37120DA980F00208883 /* MemoApp.app */;
			productType = "com.apple.product-type.application";
		};
		FF2CE38720DA980F00208883 /* MemoAppTests */ = {
			isa = PBXNativeTarget;
			buildConfigurationList = FF2CE39F20DA980F00208883 /* Build configuration list for PBXNativeTarget "MemoAppTests" */;
			buildPhases = (
				9AC20A0C209519F62E994734 /* [CP] Check Pods Manifest.lock */,
				FF2CE38420DA980F00208883 /* Sources */,
				FF2CE38520DA980F00208883 /* Frameworks */,
				FF2CE38620DA980F00208883 /* Resources */,
				6BE08BE2909F0BB6D915502F /* [CP] Embed Pods Frameworks */,
				9B751610C03DCF7ACD388F65 /* [CP] Copy Pods Resources */,
			);
			buildRules = (
			);
			dependencies = (
				FF2CE38A20DA980F00208883 /* PBXTargetDependency */,
			);
			name = MemoAppTests;
			productName = MemoAppTests;
			productReference = FF2CE38820DA980F00208883 /* MemoAppTests.xctest */;
			productType = "com.apple.product-type.bundle.unit-test";
		};
		FF2CE39220DA980F00208883 /* MemoAppUITests */ = {
			isa = PBXNativeTarget;
			buildConfigurationList = FF2CE3A220DA980F00208883 /* Build configuration list for PBXNativeTarget "MemoAppUITests" */;
			buildPhases = (
				49979CB71D873811EED9A050 /* [CP] Check Pods Manifest.lock */,
				FF2CE38F20DA980F00208883 /* Sources */,
				FF2CE39020DA980F00208883 /* Frameworks */,
				FF2CE39120DA980F00208883 /* Resources */,
				3C41269F9CF1F792B2760D23 /* [CP] Embed Pods Frameworks */,
				7133C14A5BA16DA9E5BCFA9B /* [CP] Copy Pods Resources */,
			);
			buildRules = (
			);
			dependencies = (
				FF2CE39520DA980F00208883 /* PBXTargetDependency */,
			);
			name = MemoAppUITests;
			productName = MemoAppUITests;
			productReference = FF2CE39320DA980F00208883 /* MemoAppUITests.xctest */;
			productType = "com.apple.product-type.bundle.ui-testing";
		};
/* End PBXNativeTarget section */

/* Begin PBXProject section */
		FF2CE36920DA980F00208883 /* Project object */ = {
			isa = PBXProject;
			attributes = {
				LastSwiftUpdateCheck = 0920;
				LastUpgradeCheck = 0920;
				ORGANIZATIONNAME = "津田準";
				TargetAttributes = {
					FF2CE37020DA980F00208883 = {
						CreatedOnToolsVersion = 9.2;
						ProvisioningStyle = Automatic;
					};
					FF2CE38720DA980F00208883 = {
						CreatedOnToolsVersion = 9.2;
						ProvisioningStyle = Automatic;
						TestTargetID = FF2CE37020DA980F00208883;
					};
					FF2CE39220DA980F00208883 = {
						CreatedOnToolsVersion = 9.2;
						ProvisioningStyle = Automatic;
						TestTargetID = FF2CE37020DA980F00208883;
					};
				};
			};
			buildConfigurationList = FF2CE36C20DA980F00208883 /* Build configuration list for PBXProject "MemoApp" */;
			compatibilityVersion = "Xcode 8.0";
			developmentRegion = en;
			hasScannedForEncodings = 0;
			knownRegions = (
				en,
				Base,
			);
			mainGroup = FF2CE36820DA980F00208883;
			productRefGroup = FF2CE37220DA980F00208883 /* Products */;
			projectDirPath = "";
			projectRoot = "";
			targets = (
				FF2CE37020DA980F00208883 /* MemoApp */,
				FF2CE38720DA980F00208883 /* MemoAppTests */,
				FF2CE39220DA980F00208883 /* MemoAppUITests */,
			);
		};
/* End PBXProject section */

/* Begin PBXResourcesBuildPhase section */
		FF2CE36F20DA980F00208883 /* Resources */ = {
			isa = PBXResourcesBuildPhase;
			buildActionMask = 2147483647;
			files = (
				FF2CE38220DA980F00208883 /* LaunchScreen.storyboard in Resources */,
				FF2CE37F20DA980F00208883 /* Assets.xcassets in Resources */,
				FF2CE37A20DA980F00208883 /* Main.storyboard in Resources */,
			);
			runOnlyForDeploymentPostprocessing = 0;
		};
		FF2CE38620DA980F00208883 /* Resources */ = {
			isa = PBXResourcesBuildPhase;
			buildActionMask = 2147483647;
			files = (
			);
			runOnlyForDeploymentPostprocessing = 0;
		};
		FF2CE39120DA980F00208883 /* Resources */ = {
			isa = PBXResourcesBuildPhase;
			buildActionMask = 2147483647;
			files = (
			);
			runOnlyForDeploymentPostprocessing = 0;
		};
/* End PBXResourcesBuildPhase section */

/* Begin PBXShellScriptBuildPhase section */
		3C41269F9CF1F792B2760D23 /* [CP] Embed Pods Frameworks */ = {
			isa = PBXShellScriptBuildPhase;
			buildActionMask = 2147483647;
			files = (
			);
			inputPaths = (
			);
			name = "[CP] Embed Pods Frameworks";
			outputPaths = (
			);
			runOnlyForDeploymentPostprocessing = 0;
			shellPath = /bin/sh;
			shellScript = "\"${SRCROOT}/Pods/Target Support Files/Pods-MemoAppUITests/Pods-MemoAppUITests-frameworks.sh\"\n";
			showEnvVarsInLog = 0;
		};
		49979CB71D873811EED9A050 /* [CP] Check Pods Manifest.lock */ = {
			isa = PBXShellScriptBuildPhase;
			buildActionMask = 2147483647;
			files = (
			);
			inputPaths = (
				"${PODS_PODFILE_DIR_PATH}/Podfile.lock",
				"${PODS_ROOT}/Manifest.lock",
			);
			name = "[CP] Check Pods Manifest.lock";
			outputPaths = (
				"$(DERIVED_FILE_DIR)/Pods-MemoAppUITests-checkManifestLockResult.txt",
			);
			runOnlyForDeploymentPostprocessing = 0;
			shellPath = /bin/sh;
			shellScript = "diff \"${PODS_PODFILE_DIR_PATH}/Podfile.lock\" \"${PODS_ROOT}/Manifest.lock\" > /dev/null\nif [ $? != 0 ] ; then\n    # print error to STDERR\n    echo \"error: The sandbox is not in sync with the Podfile.lock. Run 'pod install' or update your CocoaPods installation.\" >&2\n    exit 1\nfi\n# This output is used by Xcode 'outputs' to avoid re-running this script phase.\necho \"SUCCESS\" > \"${SCRIPT_OUTPUT_FILE_0}\"\n";
			showEnvVarsInLog = 0;
		};
		6BE08BE2909F0BB6D915502F /* [CP] Embed Pods Frameworks */ = {
			isa = PBXShellScriptBuildPhase;
			buildActionMask = 2147483647;
			files = (
			);
			inputPaths = (
			);
			name = "[CP] Embed Pods Frameworks";
			outputPaths = (
			);
			runOnlyForDeploymentPostprocessing = 0;
			shellPath = /bin/sh;
			shellScript = "\"${SRCROOT}/Pods/Target Support Files/Pods-MemoAppTests/Pods-MemoAppTests-frameworks.sh\"\n";
			showEnvVarsInLog = 0;
		};
		709EE8521D6EA2B59A76D798 /* [CP] Check Pods Manifest.lock */ = {
			isa = PBXShellScriptBuildPhase;
			buildActionMask = 2147483647;
			files = (
			);
			inputPaths = (
				"${PODS_PODFILE_DIR_PATH}/Podfile.lock",
				"${PODS_ROOT}/Manifest.lock",
			);
			name = "[CP] Check Pods Manifest.lock";
			outputPaths = (
				"$(DERIVED_FILE_DIR)/Pods-MemoApp-checkManifestLockResult.txt",
			);
			runOnlyForDeploymentPostprocessing = 0;
			shellPath = /bin/sh;
			shellScript = "diff \"${PODS_PODFILE_DIR_PATH}/Podfile.lock\" \"${PODS_ROOT}/Manifest.lock\" > /dev/null\nif [ $? != 0 ] ; then\n    # print error to STDERR\n    echo \"error: The sandbox is not in sync with the Podfile.lock. Run 'pod install' or update your CocoaPods installation.\" >&2\n    exit 1\nfi\n# This output is used by Xcode 'outputs' to avoid re-running this script phase.\necho \"SUCCESS\" > \"${SCRIPT_OUTPUT_FILE_0}\"\n";
			showEnvVarsInLog = 0;
		};
		7133C14A5BA16DA9E5BCFA9B /* [CP] Copy Pods Resources */ = {
			isa = PBXShellScriptBuildPhase;
			buildActionMask = 2147483647;
			files = (
			);
			inputPaths = (
			);
			name = "[CP] Copy Pods Resources";
			outputPaths = (
			);
			runOnlyForDeploymentPostprocessing = 0;
			shellPath = /bin/sh;
			shellScript = "\"${SRCROOT}/Pods/Target Support Files/Pods-MemoAppUITests/Pods-MemoAppUITests-resources.sh\"\n";
			showEnvVarsInLog = 0;
		};
		9AC20A0C209519F62E994734 /* [CP] Check Pods Manifest.lock */ = {
			isa = PBXShellScriptBuildPhase;
			buildActionMask = 2147483647;
			files = (
			);
			inputPaths = (
				"${PODS_PODFILE_DIR_PATH}/Podfile.lock",
				"${PODS_ROOT}/Manifest.lock",
			);
			name = "[CP] Check Pods Manifest.lock";
			outputPaths = (
				"$(DERIVED_FILE_DIR)/Pods-MemoAppTests-checkManifestLockResult.txt",
			);
			runOnlyForDeploymentPostprocessing = 0;
			shellPath = /bin/sh;
			shellScript = "diff \"${PODS_PODFILE_DIR_PATH}/Podfile.lock\" \"${PODS_ROOT}/Manifest.lock\" > /dev/null\nif [ $? != 0 ] ; then\n    # print error to STDERR\n    echo \"error: The sandbox is not in sync with the Podfile.lock. Run 'pod install' or update your CocoaPods installation.\" >&2\n    exit 1\nfi\n# This output is used by Xcode 'outputs' to avoid re-running this script phase.\necho \"SUCCESS\" > \"${SCRIPT_OUTPUT_FILE_0}\"\n";
			showEnvVarsInLog = 0;
		};
		9B751610C03DCF7ACD388F65 /* [CP] Copy Pods Resources */ = {
			isa = PBXShellScriptBuildPhase;
			buildActionMask = 2147483647;
			files = (
			);
			inputPaths = (
			);
			name = "[CP] Copy Pods Resources";
			outputPaths = (
			);
			runOnlyForDeploymentPostprocessing = 0;
			shellPath = /bin/sh;
			shellScript = "\"${SRCROOT}/Pods/Target Support Files/Pods-MemoAppTests/Pods-MemoAppTests-resources.sh\"\n";
			showEnvVarsInLog = 0;
		};
		C498D97BED0C1357AE8E7303 /* [CP] Copy Pods Resources */ = {
			isa = PBXShellScriptBuildPhase;
			buildActionMask = 2147483647;
			files = (
			);
			inputPaths = (
			);
			name = "[CP] Copy Pods Resources";
			outputPaths = (
			);
			runOnlyForDeploymentPostprocessing = 0;
			shellPath = /bin/sh;
			shellScript = "\"${SRCROOT}/Pods/Target Support Files/Pods-MemoApp/Pods-MemoApp-resources.sh\"\n";
			showEnvVarsInLog = 0;
		};
		E5D8ED233E39C05AB65E01BA /* [CP] Embed Pods Frameworks */ = {
			isa = PBXShellScriptBuildPhase;
			buildActionMask = 2147483647;
			files = (
			);
			inputPaths = (
				"${SRCROOT}/Pods/Target Support Files/Pods-MemoApp/Pods-MemoApp-frameworks.sh",
				"${BUILT_PRODUCTS_DIR}/CalculateCalendarLogic/CalculateCalendarLogic.framework",
				"${BUILT_PRODUCTS_DIR}/FSCalendar/FSCalendar.framework",
			);
			name = "[CP] Embed Pods Frameworks";
			outputPaths = (
				"${TARGET_BUILD_DIR}/${FRAMEWORKS_FOLDER_PATH}/CalculateCalendarLogic.framework",
				"${TARGET_BUILD_DIR}/${FRAMEWORKS_FOLDER_PATH}/FSCalendar.framework",
			);
			runOnlyForDeploymentPostprocessing = 0;
			shellPath = /bin/sh;
			shellScript = "\"${SRCROOT}/Pods/Target Support Files/Pods-MemoApp/Pods-MemoApp-frameworks.sh\"\n";
			showEnvVarsInLog = 0;
		};
/* End PBXShellScriptBuildPhase section */

/* Begin PBXSourcesBuildPhase section */
		FF2CE36D20DA980F00208883 /* Sources */ = {
			isa = PBXSourcesBuildPhase;
			buildActionMask = 2147483647;
			files = (
				FF96E07C20DE3D9000EC1C33 /* ViewController3.swift in Sources */,
				FF7DBF8A20E8B51B00DE3018 /* GetMatchStrings.swift in Sources */,
				FF2CE37720DA980F00208883 /* ViewController.swift in Sources */,
				FF7F75D520DE215A00A4F80D /* ViewController2.swift in Sources */,
				FF2CE37D20DA980F00208883 /* MemoApp.xcdatamodeld in Sources */,
				FF7DBF8E20F64DC000DE3018 /* TabViewController.swift in Sources */,
				FF2CE37520DA980F00208883 /* AppDelegate.swift in Sources */,
			);
			runOnlyForDeploymentPostprocessing = 0;
		};
		FF2CE38420DA980F00208883 /* Sources */ = {
			isa = PBXSourcesBuildPhase;
			buildActionMask = 2147483647;
			files = (
				FF2CE38D20DA980F00208883 /* MemoAppTests.swift in Sources */,
			);
			runOnlyForDeploymentPostprocessing = 0;
		};
		FF2CE38F20DA980F00208883 /* Sources */ = {
			isa = PBXSourcesBuildPhase;
			buildActionMask = 2147483647;
			files = (
				FF2CE39820DA980F00208883 /* MemoAppUITests.swift in Sources */,
			);
			runOnlyForDeploymentPostprocessing = 0;
		};
/* End PBXSourcesBuildPhase section */

/* Begin PBXTargetDependency section */
		FF2CE38A20DA980F00208883 /* PBXTargetDependency */ = {
			isa = PBXTargetDependency;
			target = FF2CE37020DA980F00208883 /* MemoApp */;
			targetProxy = FF2CE38920DA980F00208883 /* PBXContainerItemProxy */;
		};
		FF2CE39520DA980F00208883 /* PBXTargetDependency */ = {
			isa = PBXTargetDependency;
			target = FF2CE37020DA980F00208883 /* MemoApp */;
			targetProxy = FF2CE39420DA980F00208883 /* PBXContainerItemProxy */;
		};
/* End PBXTargetDependency section */

/* Begin PBXVariantGroup section */
		FF2CE37820DA980F00208883 /* Main.storyboard */ = {
			isa = PBXVariantGroup;
			children = (
				FF2CE37920DA980F00208883 /* Base */,
			);
			name = Main.storyboard;
			sourceTree = "<group>";
		};
		FF2CE38020DA980F00208883 /* LaunchScreen.storyboard */ = {
			isa = PBXVariantGroup;
			children = (
				FF2CE38120DA980F00208883 /* Base */,
			);
			name = LaunchScreen.storyboard;
			sourceTree = "<group>";
		};
/* End PBXVariantGroup section */

/* Begin XCBuildConfiguration section */
		FF2CE39A20DA980F00208883 /* Debug */ = {
			isa = XCBuildConfiguration;
			buildSettings = {
				ALWAYS_SEARCH_USER_PATHS = NO;
				CLANG_ANALYZER_NONNULL = YES;
				CLANG_ANALYZER_NUMBER_OBJECT_CONVERSION = YES_AGGRESSIVE;
				CLANG_CXX_LANGUAGE_STANDARD = "gnu++14";
				CLANG_CXX_LIBRARY = "libc++";
				CLANG_ENABLE_MODULES = YES;
				CLANG_ENABLE_OBJC_ARC = YES;
				CLANG_WARN_BLOCK_CAPTURE_AUTORELEASING = YES;
				CLANG_WARN_BOOL_CONVERSION = YES;
				CLANG_WARN_COMMA = YES;
				CLANG_WARN_CONSTANT_CONVERSION = YES;
				CLANG_WARN_DIRECT_OBJC_ISA_USAGE = YES_ERROR;
				CLANG_WARN_DOCUMENTATION_COMMENTS = YES;
				CLANG_WARN_EMPTY_BODY = YES;
				CLANG_WARN_ENUM_CONVERSION = YES;
				CLANG_WARN_INFINITE_RECURSION = YES;
				CLANG_WARN_INT_CONVERSION = YES;
				CLANG_WARN_NON_LITERAL_NULL_CONVERSION = YES;
				CLANG_WARN_OBJC_LITERAL_CONVERSION = YES;
				CLANG_WARN_OBJC_ROOT_CLASS = YES_ERROR;
				CLANG_WARN_RANGE_LOOP_ANALYSIS = YES;
				CLANG_WARN_STRICT_PROTOTYPES = YES;
				CLANG_WARN_SUSPICIOUS_MOVE = YES;
				CLANG_WARN_UNGUARDED_AVAILABILITY = YES_AGGRESSIVE;
				CLANG_WARN_UNREACHABLE_CODE = YES;
				CLANG_WARN__DUPLICATE_METHOD_MATCH = YES;
				CODE_SIGN_IDENTITY = "iPhone Developer";
				COPY_PHASE_STRIP = NO;
				DEBUG_INFORMATION_FORMAT = dwarf;
				ENABLE_STRICT_OBJC_MSGSEND = YES;
				ENABLE_TESTABILITY = YES;
				GCC_C_LANGUAGE_STANDARD = gnu11;
				GCC_DYNAMIC_NO_PIC = NO;
				GCC_NO_COMMON_BLOCKS = YES;
				GCC_OPTIMIZATION_LEVEL = 0;
				GCC_PREPROCESSOR_DEFINITIONS = (
					"DEBUG=1",
					"$(inherited)",
				);
				GCC_WARN_64_TO_32_BIT_CONVERSION = YES;
				GCC_WARN_ABOUT_RETURN_TYPE = YES_ERROR;
				GCC_WARN_UNDECLARED_SELECTOR = YES;
				GCC_WARN_UNINITIALIZED_AUTOS = YES_AGGRESSIVE;
				GCC_WARN_UNUSED_FUNCTION = YES;
				GCC_WARN_UNUSED_VARIABLE = YES;
				IPHONEOS_DEPLOYMENT_TARGET = 11.2;
				MTL_ENABLE_DEBUG_INFO = YES;
				ONLY_ACTIVE_ARCH = YES;
				SDKROOT = iphoneos;
				SWIFT_ACTIVE_COMPILATION_CONDITIONS = DEBUG;
				SWIFT_OPTIMIZATION_LEVEL = "-Onone";
			};
			name = Debug;
		};
		FF2CE39B20DA980F00208883 /* Release */ = {
			isa = XCBuildConfiguration;
			buildSettings = {
				ALWAYS_SEARCH_USER_PATHS = NO;
				CLANG_ANALYZER_NONNULL = YES;
				CLANG_ANALYZER_NUMBER_OBJECT_CONVERSION = YES_AGGRESSIVE;
				CLANG_CXX_LANGUAGE_STANDARD = "gnu++14";
				CLANG_CXX_LIBRARY = "libc++";
				CLANG_ENABLE_MODULES = YES;
				CLANG_ENABLE_OBJC_ARC = YES;
				CLANG_WARN_BLOCK_CAPTURE_AUTORELEASING = YES;
				CLANG_WARN_BOOL_CONVERSION = YES;
				CLANG_WARN_COMMA = YES;
				CLANG_WARN_CONSTANT_CONVERSION = YES;
				CLANG_WARN_DIRECT_OBJC_ISA_USAGE = YES_ERROR;
				CLANG_WARN_DOCUMENTATION_COMMENTS = YES;
				CLANG_WARN_EMPTY_BODY = YES;
				CLANG_WARN_ENUM_CONVERSION = YES;
				CLANG_WARN_INFINITE_RECURSION = YES;
				CLANG_WARN_INT_CONVERSION = YES;
				CLANG_WARN_NON_LITERAL_NULL_CONVERSION = YES;
				CLANG_WARN_OBJC_LITERAL_CONVERSION = YES;
				CLANG_WARN_OBJC_ROOT_CLASS = YES_ERROR;
				CLANG_WARN_RANGE_LOOP_ANALYSIS = YES;
				CLANG_WARN_STRICT_PROTOTYPES = YES;
				CLANG_WARN_SUSPICIOUS_MOVE = YES;
				CLANG_WARN_UNGUARDED_AVAILABILITY = YES_AGGRESSIVE;
				CLANG_WARN_UNREACHABLE_CODE = YES;
				CLANG_WARN__DUPLICATE_METHOD_MATCH = YES;
				CODE_SIGN_IDENTITY = "iPhone Developer";
				COPY_PHASE_STRIP = NO;
				DEBUG_INFORMATION_FORMAT = "dwarf-with-dsym";
				ENABLE_NS_ASSERTIONS = NO;
				ENABLE_STRICT_OBJC_MSGSEND = YES;
				GCC_C_LANGUAGE_STANDARD = gnu11;
				GCC_NO_COMMON_BLOCKS = YES;
				GCC_WARN_64_TO_32_BIT_CONVERSION = YES;
				GCC_WARN_ABOUT_RETURN_TYPE = YES_ERROR;
				GCC_WARN_UNDECLARED_SELECTOR = YES;
				GCC_WARN_UNINITIALIZED_AUTOS = YES_AGGRESSIVE;
				GCC_WARN_UNUSED_FUNCTION = YES;
				GCC_WARN_UNUSED_VARIABLE = YES;
				IPHONEOS_DEPLOYMENT_TARGET = 11.2;
				MTL_ENABLE_DEBUG_INFO = NO;
				SDKROOT = iphoneos;
				SWIFT_OPTIMIZATION_LEVEL = "-Owholemodule";
				VALIDATE_PRODUCT = YES;
			};
			name = Release;
		};
		FF2CE39D20DA980F00208883 /* Debug */ = {
			isa = XCBuildConfiguration;
			baseConfigurationReference = A6671E02A295B5AA97BDA363 /* Pods-MemoApp.debug.xcconfig */;
			buildSettings = {
				ASSETCATALOG_COMPILER_APPICON_NAME = AppIcon;
				CODE_SIGN_STYLE = Automatic;
				DEVELOPMENT_TEAM = TGF4E76D8F;
				INFOPLIST_FILE = MemoApp/Info.plist;
				LD_RUNPATH_SEARCH_PATHS = "$(inherited) @executable_path/Frameworks";
				PRODUCT_BUNDLE_IDENTIFIER = com.example.someone.MemoApp;
				PRODUCT_NAME = "$(TARGET_NAME)";
				SWIFT_VERSION = 4.0;
				TARGETED_DEVICE_FAMILY = "1,2";
			};
			name = Debug;
		};
		FF2CE39E20DA980F00208883 /* Release */ = {
			isa = XCBuildConfiguration;
			baseConfigurationReference = 039BA1DDA3A2251542FD0212 /* Pods-MemoApp.release.xcconfig */;
			buildSettings = {
				ASSETCATALOG_COMPILER_APPICON_NAME = AppIcon;
				CODE_SIGN_STYLE = Automatic;
				DEVELOPMENT_TEAM = TGF4E76D8F;
				INFOPLIST_FILE = MemoApp/Info.plist;
				LD_RUNPATH_SEARCH_PATHS = "$(inherited) @executable_path/Frameworks";
				PRODUCT_BUNDLE_IDENTIFIER = com.example.someone.MemoApp;
				PRODUCT_NAME = "$(TARGET_NAME)";
				SWIFT_VERSION = 4.0;
				TARGETED_DEVICE_FAMILY = "1,2";
			};
			name = Release;
		};
		FF2CE3A020DA980F00208883 /* Debug */ = {
			isa = XCBuildConfiguration;
			baseConfigurationReference = 8695804E156468EDF54215A4 /* Pods-MemoAppTests.debug.xcconfig */;
			buildSettings = {
				ALWAYS_EMBED_SWIFT_STANDARD_LIBRARIES = YES;
				BUNDLE_LOADER = "$(TEST_HOST)";
				CODE_SIGN_STYLE = Automatic;
				DEVELOPMENT_TEAM = TGF4E76D8F;
				INFOPLIST_FILE = MemoAppTests/Info.plist;
				LD_RUNPATH_SEARCH_PATHS = "$(inherited) @executable_path/Frameworks @loader_path/Frameworks";
				PRODUCT_BUNDLE_IDENTIFIER = com.example.someone.MemoAppTests;
				PRODUCT_NAME = "$(TARGET_NAME)";
				SWIFT_VERSION = 4.0;
				TARGETED_DEVICE_FAMILY = "1,2";
				TEST_HOST = "$(BUILT_PRODUCTS_DIR)/MemoApp.app/MemoApp";
			};
			name = Debug;
		};
		FF2CE3A120DA980F00208883 /* Release */ = {
			isa = XCBuildConfiguration;
			baseConfigurationReference = 63314F06BD5898E6D1A4EA39 /* Pods-MemoAppTests.release.xcconfig */;
			buildSettings = {
				ALWAYS_EMBED_SWIFT_STANDARD_LIBRARIES = YES;
				BUNDLE_LOADER = "$(TEST_HOST)";
				CODE_SIGN_STYLE = Automatic;
				DEVELOPMENT_TEAM = TGF4E76D8F;
				INFOPLIST_FILE = MemoAppTests/Info.plist;
				LD_RUNPATH_SEARCH_PATHS = "$(inherited) @executable_path/Frameworks @loader_path/Frameworks";
				PRODUCT_BUNDLE_IDENTIFIER = com.example.someone.MemoAppTests;
				PRODUCT_NAME = "$(TARGET_NAME)";
				SWIFT_VERSION = 4.0;
				TARGETED_DEVICE_FAMILY = "1,2";
				TEST_HOST = "$(BUILT_PRODUCTS_DIR)/MemoApp.app/MemoApp";
			};
			name = Release;
		};
		FF2CE3A320DA980F00208883 /* Debug */ = {
			isa = XCBuildConfiguration;
			baseConfigurationReference = 0510251D2CD5D5FA1D55FAD8 /* Pods-MemoAppUITests.debug.xcconfig */;
			buildSettings = {
				ALWAYS_EMBED_SWIFT_STANDARD_LIBRARIES = YES;
				CODE_SIGN_STYLE = Automatic;
				DEVELOPMENT_TEAM = TGF4E76D8F;
				INFOPLIST_FILE = MemoAppUITests/Info.plist;
				LD_RUNPATH_SEARCH_PATHS = "$(inherited) @executable_path/Frameworks @loader_path/Frameworks";
				PRODUCT_BUNDLE_IDENTIFIER = com.example.someone.MemoAppUITests;
				PRODUCT_NAME = "$(TARGET_NAME)";
				SWIFT_VERSION = 4.0;
				TARGETED_DEVICE_FAMILY = "1,2";
				TEST_TARGET_NAME = MemoApp;
			};
			name = Debug;
		};
		FF2CE3A420DA980F00208883 /* Release */ = {
			isa = XCBuildConfiguration;
			baseConfigurationReference = B480E809D116C020B01D1388 /* Pods-MemoAppUITests.release.xcconfig */;
			buildSettings = {
				ALWAYS_EMBED_SWIFT_STANDARD_LIBRARIES = YES;
				CODE_SIGN_STYLE = Automatic;
				DEVELOPMENT_TEAM = TGF4E76D8F;
				INFOPLIST_FILE = MemoAppUITests/Info.plist;
				LD_RUNPATH_SEARCH_PATHS = "$(inherited) @executable_path/Frameworks @loader_path/Frameworks";
				PRODUCT_BUNDLE_IDENTIFIER = com.example.someone.MemoAppUITests;
				PRODUCT_NAME = "$(TARGET_NAME)";
				SWIFT_VERSION = 4.0;
				TARGETED_DEVICE_FAMILY = "1,2";
				TEST_TARGET_NAME = MemoApp;
			};
			name = Release;
		};
/* End XCBuildConfiguration section */

/* Begin XCConfigurationList section */
		FF2CE36C20DA980F00208883 /* Build configuration list for PBXProject "MemoApp" */ = {
			isa = XCConfigurationList;
			buildConfigurations = (
				FF2CE39A20DA980F00208883 /* Debug */,
				FF2CE39B20DA980F00208883 /* Release */,
			);
			defaultConfigurationIsVisible = 0;
			defaultConfigurationName = Release;
		};
		FF2CE39C20DA980F00208883 /* Build configuration list for PBXNativeTarget "MemoApp" */ = {
			isa = XCConfigurationList;
			buildConfigurations = (
				FF2CE39D20DA980F00208883 /* Debug */,
				FF2CE39E20DA980F00208883 /* Release */,
			);
			defaultConfigurationIsVisible = 0;
			defaultConfigurationName = Release;
		};
		FF2CE39F20DA980F00208883 /* Build configuration list for PBXNativeTarget "MemoAppTests" */ = {
			isa = XCConfigurationList;
			buildConfigurations = (
				FF2CE3A020DA980F00208883 /* Debug */,
				FF2CE3A120DA980F00208883 /* Release */,
			);
			defaultConfigurationIsVisible = 0;
			defaultConfigurationName = Release;
		};
		FF2CE3A220DA980F00208883 /* Build configuration list for PBXNativeTarget "MemoAppUITests" */ = {
			isa = XCConfigurationList;
			buildConfigurations = (
				FF2CE3A320DA980F00208883 /* Debug */,
				FF2CE3A420DA980F00208883 /* Release */,
			);
			defaultConfigurationIsVisible = 0;
			defaultConfigurationName = Release;
		};
/* End XCConfigurationList section */

/* Begin XCVersionGroup section */
		FF2CE37B20DA980F00208883 /* MemoApp.xcdatamodeld */ = {
			isa = XCVersionGroup;
			children = (
				FF2CE37C20DA980F00208883 /* MemoApp.xcdatamodel */,
			);
			currentVersion = FF2CE37C20DA980F00208883 /* MemoApp.xcdatamodel */;
			path = MemoApp.xcdatamodeld;
			sourceTree = "<group>";
			versionGroupType = wrapper.xcdatamodel;
		};
/* End XCVersionGroup section */
	};
	rootObject = FF2CE36920DA980F00208883 /* Project object */;
}
